<?xml version="1.0" encoding="utf-8"?>
<Project ToolsVersion="4.0" xmlns="http://schemas.microsoft.com/developer/msbuild/2003">
  <ItemGroup>
    <Filter Include="Archivos de origen">
      <UniqueIdentifier>{4FC737F1-C7A5-4376-A066-2A32D752A2FF}</UniqueIdentifier>
      <Extensions>cpp;c;cc;cxx;c++;cppm;ixx;def;odl;idl;hpj;bat;asm;asmx</Extensions>
    </Filter>
    <Filter Include="Archivos de encabezado">
      <UniqueIdentifier>{93995380-89BD-4b04-88EB-625FBE52EBFB}</UniqueIdentifier>
      <Extensions>h;hh;hpp;hxx;h++;hm;inl;inc;ipp;xsd</Extensions>
    </Filter>
    <Filter Include="Archivos de recursos">
      <UniqueIdentifier>{67DA6AB6-F800-4c08-8B7A-83BB121AAD01}</UniqueIdentifier>
      <Extensions>rc;ico;cur;bmp;dlg;rc2;rct;bin;rgs;gif;jpg;jpeg;jpe;resx;tiff;tif;png;wav;mfcribbon-ms</Extensions>
    </Filter>
  </ItemGroup>
  <ItemGroup>
    <ClCompile Include="src\main.cpp">
      <Filter>Archivos de origen</Filter>
    </ClCompile>
    <ClCompile Include="src\mundo.cpp">
      <Filter>Archivos de origen</Filter>
    </ClCompile>
    <ClCompile Include="src\menu.cpp">
      <Filter>Archivos de origen</Filter>
    </ClCompile>
    <ClCompile Include="src\componente.cpp">
      <Filter>Archivos de origen</Filter>
    </ClCompile>
    <ClCompile Include="src\Resistencia.cpp">
      <Filter>Archivos de origen</Filter>
    </ClCompile>
    <ClCompile Include="src\ListaComponentes.cpp">
      <Filter>Archivos de origen</Filter>
    </ClCompile>
    <ClCompile Include="src\ListaUsuarios.cpp">
      <Filter>Archivos de origen</Filter>
    </ClCompile>
    <ClCompile Include="src\Condensador.cpp">
      <Filter>Archivos de origen</Filter>
    </ClCompile>
    <ClCompile Include="src\Led.cpp">
      <Filter>Archivos de origen</Filter>
    </ClCompile>
    <ClCompile Include="src\Fichero.cpp">
      <Filter>Archivos de origen</Filter>
    </ClCompile>
    <ClCompile Include="src\Placa.cpp">
      <Filter>Archivos de origen</Filter>
    </ClCompile>
    <ClCompile Include="src\Protoboard.cpp">
      <Filter>Archivos de origen</Filter>
    </ClCompile>
    <ClCompile Include="src\Otro.cpp">
      <Filter>Archivos de origen</Filter>
    </ClCompile>
    <ClCompile Include="src\Cable.cpp">
      <Filter>Archivos de origen</Filter>
    </ClCompile>
    <ClCompile Include="src\usuario.cpp">
      <Filter>Archivos de origen</Filter>
    </ClCompile>
  </ItemGroup>
  <ItemGroup>
    <ClInclude Include="src\mundo.h">
      <Filter>Archivos de encabezado</Filter>
    </ClInclude>
    <ClInclude Include="src\menu.h">
      <Filter>Archivos de encabezado</Filter>
    </ClInclude>
    <ClInclude Include="src\componente.h">
      <Filter>Archivos de encabezado</Filter>
    </ClInclude>
    <ClInclude Include="src\usuario.h">
      <Filter>Archivos de encabezado</Filter>
    </ClInclude>
    <ClInclude Include="src\Resistencia.h">
      <Filter>Archivos de encabezado</Filter>
    </ClInclude>
    <ClInclude Include="src\ListaComponentes.h">
      <Filter>Archivos de encabezado</Filter>
    </ClInclude>
    <ClInclude Include="src\ListaUsuarios.h">
      <Filter>Archivos de encabezado</Filter>
    </ClInclude>
    <ClInclude Include="src\Condensador.h">
      <Filter>Archivos de encabezado</Filter>
    </ClInclude>
    <ClInclude Include="src\Led.h">
      <Filter>Archivos de encabezado</Filter>
    </ClInclude>
    <ClInclude Include="src\Fichero.h">
      <Filter>Archivos de encabezado</Filter>
    </ClInclude>
    <ClInclude Include="src\Placa.h">
      <Filter>Archivos de encabezado</Filter>
    </ClInclude>
    <ClInclude Include="src\Protoboard.h">
      <Filter>Archivos de encabezado</Filter>
    </ClInclude>
    <ClInclude Include="src\Otro.h">
      <Filter>Archivos de encabezado</Filter>
    </ClInclude>
    <ClInclude Include="src\Cable.h">
      <Filter>Archivos de encabezado</Filter>
    </ClInclude>
  </ItemGroup>
</Project>